
Microsoft Visual Studio Solution File, Format Version 12.00
# Visual Studio 15
VisualStudioVersion = 15.0.28307.1259
MinimumVisualStudioVersion = 10.0.40219.1
Project("{FAE04EC0-301F-11D3-BF4B-00C04F79EFBC}") = "StatePattern_00", "StatePattern_00\StatePattern_00.csproj", "{F26AF7E4-2827-45DF-9D6E-D4BC1AC010FA}"
EndProject
Global
	GlobalSection(SolutionConfigurationPlatforms) = preSolution
		Debug|Any CPU = Debug|Any CPU
		Release|Any CPU = Release|Any CPU
	EndGlobalSection
	GlobalSection(ProjectConfigurationPlatforms) = postSolution
		{F26AF7E4-2827-45DF-9D6E-D4BC1AC010FA}.Debug|Any CPU.ActiveCfg = Debug|Any CPU
		{F26AF7E4-2827-45DF-9D6E-D4BC1AC010FA}.Debug|Any CPU.Build.0 = Debug|Any CPU
		{F26AF7E4-2827-45DF-9D6E-D4BC1AC010FA}.Release|Any CPU.ActiveCfg = Release|Any CPU
		{F26AF7E4-2827-45DF-9D6E-D4BC1AC010FA}.Release|Any CPU.Build.0 = Release|Any CPU
	EndGlobalSection
	GlobalSection(SolutionProperties) = preSolution
		HideSolutionNode = FALSE
	EndGlobalSection
	GlobalSection(ExtensibilityGlobals) = postSolution
		SolutionGuid = {414D4452-CB1B-481A-AD2E-64F4554A9E34}
	EndGlobalSection
EndGlobal
